// !$*UTF8*$!
{
	archiveVersion = 1;
	classes = {
	};
	objectVersion = 46;
	objects = {

/* Begin PBXBuildFile section */
		1A3806FF1BCA2006003F8492 /* MySQLSwift.h in Headers */ = {isa = PBXBuildFile; fileRef = 1A3806FE1BCA2006003F8492 /* MySQLSwift.h */; settings = {ATTRIBUTES = (Public, ); }; };
		1A3807061BCA2006003F8492 /* MySQL.framework in Frameworks */ = {isa = PBXBuildFile; fileRef = 1A3806FB1BCA2006003F8492 /* MySQL.framework */; };
		1A38071A1BCA208C003F8492 /* libmysqlclient.dylib in Frameworks */ = {isa = PBXBuildFile; fileRef = 1A3807191BCA208C003F8492 /* libmysqlclient.dylib */; };
		6EF32E9F1C19088D00E5F6A0 /* ClientOption.swift in Sources */ = {isa = PBXBuildFile; fileRef = 6EF32E931C19088D00E5F6A0 /* ClientOption.swift */; };
		6EF32EA01C19088D00E5F6A0 /* Connection.swift in Sources */ = {isa = PBXBuildFile; fileRef = 6EF32E941C19088D00E5F6A0 /* Connection.swift */; };
		6EF32EA11C19088D00E5F6A0 /* ConvertString.swift in Sources */ = {isa = PBXBuildFile; fileRef = 6EF32E951C19088D00E5F6A0 /* ConvertString.swift */; };
		6EF32EA21C19088D00E5F6A0 /* DataType.swift in Sources */ = {isa = PBXBuildFile; fileRef = 6EF32E961C19088D00E5F6A0 /* DataType.swift */; };
		6EF32EA31C19088D00E5F6A0 /* Error.swift in Sources */ = {isa = PBXBuildFile; fileRef = 6EF32E971C19088D00E5F6A0 /* Error.swift */; };
		6EF32EA41C19088D00E5F6A0 /* Field.swift in Sources */ = {isa = PBXBuildFile; fileRef = 6EF32E981C19088D00E5F6A0 /* Field.swift */; };
		6EF32EA51C19088D00E5F6A0 /* MySQL.swift in Sources */ = {isa = PBXBuildFile; fileRef = 6EF32E991C19088D00E5F6A0 /* MySQL.swift */; };
		6EF32EA61C19088D00E5F6A0 /* Result.swift in Sources */ = {isa = PBXBuildFile; fileRef = 6EF32E9A1C19088D00E5F6A0 /* Result.swift */; };
		6EF32EA71C19088D00E5F6A0 /* Row.swift in Sources */ = {isa = PBXBuildFile; fileRef = 6EF32E9B1C19088D00E5F6A0 /* Row.swift */; };
		6EF32EA91C19089300E5F6A0 /* MySQLSwiftTests.swift in Sources */ = {isa = PBXBuildFile; fileRef = 6EF32E9D1C19088D00E5F6A0 /* MySQLSwiftTests.swift */; };
		6EF32EAE1C1909ED00E5F6A0 /* SwiftFoundation.framework in Copy Frameworks */ = {isa = PBXBuildFile; fileRef = 6EF32EAC1C1909CF00E5F6A0 /* SwiftFoundation.framework */; settings = {ATTRIBUTES = (CodeSignOnCopy, RemoveHeadersOnCopy, ); }; };
		6EF32EB21C19171C00E5F6A0 /* DatabaseConfiguration.swift in Sources */ = {isa = PBXBuildFile; fileRef = 6EF32EB11C19171C00E5F6A0 /* DatabaseConfiguration.swift */; };
		6EF32EB41C191BF400E5F6A0 /* libmysqlclient.dylib in Frameworks */ = {isa = PBXBuildFile; fileRef = 1A3807191BCA208C003F8492 /* libmysqlclient.dylib */; };
/* End PBXBuildFile section */

/* Begin PBXContainerItemProxy section */
		1A3807071BCA2006003F8492 /* PBXContainerItemProxy */ = {
			isa = PBXContainerItemProxy;
			containerPortal = 1A3806F21BCA2006003F8492 /* Project object */;
			proxyType = 1;
			remoteGlobalIDString = 1A3806FA1BCA2006003F8492;
			remoteInfo = MySQLSwift;
		};
/* End PBXContainerItemProxy section */

/* Begin PBXCopyFilesBuildPhase section */
		6EF32EAD1C1909E000E5F6A0 /* Copy Frameworks */ = {
			isa = PBXCopyFilesBuildPhase;
			buildActionMask = 2147483647;
			dstPath = "";
			dstSubfolderSpec = 10;
			files = (
				6EF32EAE1C1909ED00E5F6A0 /* SwiftFoundation.framework in Copy Frameworks */,
			);
			name = "Copy Frameworks";
			runOnlyForDeploymentPostprocessing = 0;
		};
/* End PBXCopyFilesBuildPhase section */

/* Begin PBXFileReference section */
		1A3806FB1BCA2006003F8492 /* MySQL.framework */ = {isa = PBXFileReference; explicitFileType = wrapper.framework; includeInIndex = 0; path = MySQL.framework; sourceTree = BUILT_PRODUCTS_DIR; };
		1A3806FE1BCA2006003F8492 /* MySQLSwift.h */ = {isa = PBXFileReference; lastKnownFileType = sourcecode.c.h; path = MySQLSwift.h; sourceTree = "<group>"; };
		1A3807001BCA2006003F8492 /* Info.plist */ = {isa = PBXFileReference; lastKnownFileType = text.plist.xml; path = Info.plist; sourceTree = "<group>"; };
		1A3807051BCA2006003F8492 /* MySQLTests.xctest */ = {isa = PBXFileReference; explicitFileType = wrapper.cfbundle; includeInIndex = 0; path = MySQLTests.xctest; sourceTree = BUILT_PRODUCTS_DIR; };
		1A38070C1BCA2006003F8492 /* Info.plist */ = {isa = PBXFileReference; lastKnownFileType = text.plist.xml; path = Info.plist; sourceTree = "<group>"; };
		1A3807191BCA208C003F8492 /* libmysqlclient.dylib */ = {isa = PBXFileReference; lastKnownFileType = "compiled.mach-o.dylib"; name = libmysqlclient.dylib; path = /usr/local/lib/libmysqlclient.dylib; sourceTree = "<absolute>"; };
		1A3807211BCA24F7003F8492 /* big_endian.h */ = {isa = PBXFileReference; lastKnownFileType = sourcecode.c.h; path = big_endian.h; sourceTree = "<group>"; };
		1A3807221BCA24F7003F8492 /* byte_order_generic.h */ = {isa = PBXFileReference; lastKnownFileType = sourcecode.c.h; path = byte_order_generic.h; sourceTree = "<group>"; };
		1A3807231BCA24F7003F8492 /* byte_order_generic_x86.h */ = {isa = PBXFileReference; lastKnownFileType = sourcecode.c.h; path = byte_order_generic_x86.h; sourceTree = "<group>"; };
		1A3807241BCA24F7003F8492 /* byte_order_generic_x86_64.h */ = {isa = PBXFileReference; lastKnownFileType = sourcecode.c.h; path = byte_order_generic_x86_64.h; sourceTree = "<group>"; };
		1A3807251BCA24F7003F8492 /* decimal.h */ = {isa = PBXFileReference; lastKnownFileType = sourcecode.c.h; path = decimal.h; sourceTree = "<group>"; };
		1A3807261BCA24F7003F8492 /* errmsg.h */ = {isa = PBXFileReference; lastKnownFileType = sourcecode.c.h; path = errmsg.h; sourceTree = "<group>"; };
		1A3807271BCA24F7003F8492 /* keycache.h */ = {isa = PBXFileReference; lastKnownFileType = sourcecode.c.h; path = keycache.h; sourceTree = "<group>"; };
		1A3807281BCA24F7003F8492 /* little_endian.h */ = {isa = PBXFileReference; lastKnownFileType = sourcecode.c.h; path = little_endian.h; sourceTree = "<group>"; };
		1A3807291BCA24F7003F8492 /* m_ctype.h */ = {isa = PBXFileReference; lastKnownFileType = sourcecode.c.h; path = m_ctype.h; sourceTree = "<group>"; };
		1A38072A1BCA24F7003F8492 /* m_string.h */ = {isa = PBXFileReference; lastKnownFileType = sourcecode.c.h; path = m_string.h; sourceTree = "<group>"; };
		1A38072B1BCA24F7003F8492 /* my_alloc.h */ = {isa = PBXFileReference; lastKnownFileType = sourcecode.c.h; path = my_alloc.h; sourceTree = "<group>"; };
		1A38072C1BCA24F7003F8492 /* my_attribute.h */ = {isa = PBXFileReference; lastKnownFileType = sourcecode.c.h; path = my_attribute.h; sourceTree = "<group>"; };
		1A38072D1BCA24F7003F8492 /* my_byteorder.h */ = {isa = PBXFileReference; lastKnownFileType = sourcecode.c.h; path = my_byteorder.h; sourceTree = "<group>"; };
		1A38072E1BCA24F7003F8492 /* my_compiler.h */ = {isa = PBXFileReference; lastKnownFileType = sourcecode.c.h; path = my_compiler.h; sourceTree = "<group>"; };
		1A38072F1BCA24F7003F8492 /* my_config.h */ = {isa = PBXFileReference; lastKnownFileType = sourcecode.c.h; path = my_config.h; sourceTree = "<group>"; };
		1A3807301BCA24F7003F8492 /* my_dbug.h */ = {isa = PBXFileReference; lastKnownFileType = sourcecode.c.h; path = my_dbug.h; sourceTree = "<group>"; };
		1A3807311BCA24F7003F8492 /* my_dir.h */ = {isa = PBXFileReference; lastKnownFileType = sourcecode.c.h; path = my_dir.h; sourceTree = "<group>"; };
		1A3807321BCA24F7003F8492 /* my_getopt.h */ = {isa = PBXFileReference; lastKnownFileType = sourcecode.c.h; path = my_getopt.h; sourceTree = "<group>"; };
		1A3807331BCA24F7003F8492 /* my_global.h */ = {isa = PBXFileReference; lastKnownFileType = sourcecode.c.h; path = my_global.h; sourceTree = "<group>"; };
		1A3807341BCA24F7003F8492 /* my_list.h */ = {isa = PBXFileReference; lastKnownFileType = sourcecode.c.h; path = my_list.h; sourceTree = "<group>"; };
		1A3807351BCA24F7003F8492 /* my_net.h */ = {isa = PBXFileReference; lastKnownFileType = sourcecode.c.h; path = my_net.h; sourceTree = "<group>"; };
		1A3807361BCA24F7003F8492 /* my_pthread.h */ = {isa = PBXFileReference; lastKnownFileType = sourcecode.c.h; path = my_pthread.h; sourceTree = "<group>"; };
		1A3807371BCA24F7003F8492 /* my_sys.h */ = {isa = PBXFileReference; lastKnownFileType = sourcecode.c.h; path = my_sys.h; sourceTree = "<group>"; };
		1A3807381BCA24F7003F8492 /* my_xml.h */ = {isa = PBXFileReference; lastKnownFileType = sourcecode.c.h; path = my_xml.h; sourceTree = "<group>"; };
		1A38073A1BCA24F7003F8492 /* client_authentication.h */ = {isa = PBXFileReference; lastKnownFileType = sourcecode.c.h; path = client_authentication.h; sourceTree = "<group>"; };
		1A38073B1BCA24F7003F8492 /* client_plugin.h */ = {isa = PBXFileReference; lastKnownFileType = sourcecode.c.h; path = client_plugin.h; sourceTree = "<group>"; };
		1A38073C1BCA24F7003F8492 /* client_plugin.h.pp */ = {isa = PBXFileReference; lastKnownFileType = sourcecode.pascal; path = client_plugin.h.pp; sourceTree = "<group>"; };
		1A38073D1BCA24F7003F8492 /* get_password.h */ = {isa = PBXFileReference; lastKnownFileType = sourcecode.c.h; path = get_password.h; sourceTree = "<group>"; };
		1A38073E1BCA24F7003F8492 /* innodb_priv.h */ = {isa = PBXFileReference; lastKnownFileType = sourcecode.c.h; path = innodb_priv.h; sourceTree = "<group>"; };
		1A38073F1BCA24F7003F8492 /* plugin.h */ = {isa = PBXFileReference; lastKnownFileType = sourcecode.c.h; path = plugin.h; sourceTree = "<group>"; };
		1A3807401BCA24F7003F8492 /* plugin_audit.h */ = {isa = PBXFileReference; lastKnownFileType = sourcecode.c.h; path = plugin_audit.h; sourceTree = "<group>"; };
		1A3807411BCA24F7003F8492 /* plugin_audit.h.pp */ = {isa = PBXFileReference; lastKnownFileType = sourcecode.pascal; path = plugin_audit.h.pp; sourceTree = "<group>"; };
		1A3807421BCA24F7003F8492 /* plugin_auth.h */ = {isa = PBXFileReference; lastKnownFileType = sourcecode.c.h; path = plugin_auth.h; sourceTree = "<group>"; };
		1A3807431BCA24F7003F8492 /* plugin_auth.h.pp */ = {isa = PBXFileReference; lastKnownFileType = sourcecode.pascal; path = plugin_auth.h.pp; sourceTree = "<group>"; };
		1A3807441BCA24F7003F8492 /* plugin_auth_common.h */ = {isa = PBXFileReference; lastKnownFileType = sourcecode.c.h; path = plugin_auth_common.h; sourceTree = "<group>"; };
		1A3807451BCA24F7003F8492 /* plugin_ftparser.h */ = {isa = PBXFileReference; lastKnownFileType = sourcecode.c.h; path = plugin_ftparser.h; sourceTree = "<group>"; };
		1A3807461BCA24F7003F8492 /* plugin_ftparser.h.pp */ = {isa = PBXFileReference; lastKnownFileType = sourcecode.pascal; path = plugin_ftparser.h.pp; sourceTree = "<group>"; };
		1A3807471BCA24F7003F8492 /* plugin_validate_password.h */ = {isa = PBXFileReference; lastKnownFileType = sourcecode.c.h; path = plugin_validate_password.h; sourceTree = "<group>"; };
		1A3807491BCA24F7003F8492 /* mysql_file.h */ = {isa = PBXFileReference; lastKnownFileType = sourcecode.c.h; path = mysql_file.h; sourceTree = "<group>"; };
		1A38074A1BCA24F7003F8492 /* mysql_idle.h */ = {isa = PBXFileReference; lastKnownFileType = sourcecode.c.h; path = mysql_idle.h; sourceTree = "<group>"; };
		1A38074B1BCA24F7003F8492 /* mysql_socket.h */ = {isa = PBXFileReference; lastKnownFileType = sourcecode.c.h; path = mysql_socket.h; sourceTree = "<group>"; };
		1A38074C1BCA24F7003F8492 /* mysql_stage.h */ = {isa = PBXFileReference; lastKnownFileType = sourcecode.c.h; path = mysql_stage.h; sourceTree = "<group>"; };
		1A38074D1BCA24F7003F8492 /* mysql_statement.h */ = {isa = PBXFileReference; lastKnownFileType = sourcecode.c.h; path = mysql_statement.h; sourceTree = "<group>"; };
		1A38074E1BCA24F7003F8492 /* mysql_table.h */ = {isa = PBXFileReference; lastKnownFileType = sourcecode.c.h; path = mysql_table.h; sourceTree = "<group>"; };
		1A38074F1BCA24F7003F8492 /* mysql_thread.h */ = {isa = PBXFileReference; lastKnownFileType = sourcecode.c.h; path = mysql_thread.h; sourceTree = "<group>"; };
		1A3807501BCA24F7003F8492 /* psi.h */ = {isa = PBXFileReference; lastKnownFileType = sourcecode.c.h; path = psi.h; sourceTree = "<group>"; };
		1A3807511BCA24F7003F8492 /* service_my_plugin_log.h */ = {isa = PBXFileReference; lastKnownFileType = sourcecode.c.h; path = service_my_plugin_log.h; sourceTree = "<group>"; };
		1A3807521BCA24F7003F8492 /* service_my_snprintf.h */ = {isa = PBXFileReference; lastKnownFileType = sourcecode.c.h; path = service_my_snprintf.h; sourceTree = "<group>"; };
		1A3807531BCA24F7003F8492 /* service_mysql_string.h */ = {isa = PBXFileReference; lastKnownFileType = sourcecode.c.h; path = service_mysql_string.h; sourceTree = "<group>"; };
		1A3807541BCA24F7003F8492 /* service_thd_alloc.h */ = {isa = PBXFileReference; lastKnownFileType = sourcecode.c.h; path = service_thd_alloc.h; sourceTree = "<group>"; };
		1A3807551BCA24F7003F8492 /* service_thd_wait.h */ = {isa = PBXFileReference; lastKnownFileType = sourcecode.c.h; path = service_thd_wait.h; sourceTree = "<group>"; };
		1A3807561BCA24F7003F8492 /* service_thread_scheduler.h */ = {isa = PBXFileReference; lastKnownFileType = sourcecode.c.h; path = service_thread_scheduler.h; sourceTree = "<group>"; };
		1A3807571BCA24F7003F8492 /* services.h */ = {isa = PBXFileReference; lastKnownFileType = sourcecode.c.h; path = services.h; sourceTree = "<group>"; };
		1A3807581BCA24F7003F8492 /* thread_pool_priv.h */ = {isa = PBXFileReference; lastKnownFileType = sourcecode.c.h; path = thread_pool_priv.h; sourceTree = "<group>"; };
		1A3807591BCA24F7003F8492 /* mysql.h */ = {isa = PBXFileReference; lastKnownFileType = sourcecode.c.h; path = mysql.h; sourceTree = "<group>"; };
		1A38075A1BCA24F7003F8492 /* mysql_com.h */ = {isa = PBXFileReference; lastKnownFileType = sourcecode.c.h; path = mysql_com.h; sourceTree = "<group>"; };
		1A38075B1BCA24F7003F8492 /* mysql_com_server.h */ = {isa = PBXFileReference; lastKnownFileType = sourcecode.c.h; path = mysql_com_server.h; sourceTree = "<group>"; };
		1A38075C1BCA24F7003F8492 /* mysql_embed.h */ = {isa = PBXFileReference; lastKnownFileType = sourcecode.c.h; path = mysql_embed.h; sourceTree = "<group>"; };
		1A38075D1BCA24F7003F8492 /* mysql_time.h */ = {isa = PBXFileReference; lastKnownFileType = sourcecode.c.h; path = mysql_time.h; sourceTree = "<group>"; };
		1A38075E1BCA24F7003F8492 /* mysql_version.h */ = {isa = PBXFileReference; lastKnownFileType = sourcecode.c.h; path = mysql_version.h; sourceTree = "<group>"; };
		1A38075F1BCA24F7003F8492 /* mysqld_ername.h */ = {isa = PBXFileReference; lastKnownFileType = sourcecode.c.h; path = mysqld_ername.h; sourceTree = "<group>"; };
		1A3807601BCA24F7003F8492 /* mysqld_error.h */ = {isa = PBXFileReference; lastKnownFileType = sourcecode.c.h; path = mysqld_error.h; sourceTree = "<group>"; };
		1A3807611BCA24F7003F8492 /* plugin.h */ = {isa = PBXFileReference; lastKnownFileType = sourcecode.c.h; path = plugin.h; sourceTree = "<group>"; };
		1A3807621BCA24F7003F8492 /* plugin_audit.h */ = {isa = PBXFileReference; lastKnownFileType = sourcecode.c.h; path = plugin_audit.h; sourceTree = "<group>"; };
		1A3807631BCA24F7003F8492 /* plugin_ftparser.h */ = {isa = PBXFileReference; lastKnownFileType = sourcecode.c.h; path = plugin_ftparser.h; sourceTree = "<group>"; };
		1A3807641BCA24F7003F8492 /* plugin_validate_password.h */ = {isa = PBXFileReference; lastKnownFileType = sourcecode.c.h; path = plugin_validate_password.h; sourceTree = "<group>"; };
		1A3807651BCA24F7003F8492 /* sql_common.h */ = {isa = PBXFileReference; lastKnownFileType = sourcecode.c.h; path = sql_common.h; sourceTree = "<group>"; };
		1A3807661BCA24F7003F8492 /* sql_state.h */ = {isa = PBXFileReference; lastKnownFileType = sourcecode.c.h; path = sql_state.h; sourceTree = "<group>"; };
		1A3807671BCA24F7003F8492 /* sslopt-case.h */ = {isa = PBXFileReference; lastKnownFileType = sourcecode.c.h; path = "sslopt-case.h"; sourceTree = "<group>"; };
		1A3807681BCA24F7003F8492 /* sslopt-longopts.h */ = {isa = PBXFileReference; lastKnownFileType = sourcecode.c.h; path = "sslopt-longopts.h"; sourceTree = "<group>"; };
		1A3807691BCA24F7003F8492 /* sslopt-vars.h */ = {isa = PBXFileReference; lastKnownFileType = sourcecode.c.h; path = "sslopt-vars.h"; sourceTree = "<group>"; };
		1A38076A1BCA24F7003F8492 /* typelib.h */ = {isa = PBXFileReference; lastKnownFileType = sourcecode.c.h; path = typelib.h; sourceTree = "<group>"; };
		6EF32E931C19088D00E5F6A0 /* ClientOption.swift */ = {isa = PBXFileReference; fileEncoding = 4; lastKnownFileType = sourcecode.swift; path = ClientOption.swift; sourceTree = "<group>"; };
		6EF32E941C19088D00E5F6A0 /* Connection.swift */ = {isa = PBXFileReference; fileEncoding = 4; lastKnownFileType = sourcecode.swift; path = Connection.swift; sourceTree = "<group>"; };
		6EF32E951C19088D00E5F6A0 /* ConvertString.swift */ = {isa = PBXFileReference; fileEncoding = 4; lastKnownFileType = sourcecode.swift; path = ConvertString.swift; sourceTree = "<group>"; };
		6EF32E961C19088D00E5F6A0 /* DataType.swift */ = {isa = PBXFileReference; fileEncoding = 4; lastKnownFileType = sourcecode.swift; path = DataType.swift; sourceTree = "<group>"; };
		6EF32E971C19088D00E5F6A0 /* Error.swift */ = {isa = PBXFileReference; fileEncoding = 4; lastKnownFileType = sourcecode.swift; path = Error.swift; sourceTree = "<group>"; };
		6EF32E981C19088D00E5F6A0 /* Field.swift */ = {isa = PBXFileReference; fileEncoding = 4; lastKnownFileType = sourcecode.swift; path = Field.swift; sourceTree = "<group>"; };
		6EF32E991C19088D00E5F6A0 /* MySQL.swift */ = {isa = PBXFileReference; fileEncoding = 4; lastKnownFileType = sourcecode.swift; path = MySQL.swift; sourceTree = "<group>"; };
		6EF32E9A1C19088D00E5F6A0 /* Result.swift */ = {isa = PBXFileReference; fileEncoding = 4; lastKnownFileType = sourcecode.swift; path = Result.swift; sourceTree = "<group>"; };
		6EF32E9B1C19088D00E5F6A0 /* Row.swift */ = {isa = PBXFileReference; fileEncoding = 4; lastKnownFileType = sourcecode.swift; path = Row.swift; sourceTree = "<group>"; };
		6EF32E9D1C19088D00E5F6A0 /* MySQLSwiftTests.swift */ = {isa = PBXFileReference; fileEncoding = 4; lastKnownFileType = sourcecode.swift; path = MySQLSwiftTests.swift; sourceTree = "<group>"; };
		6EF32EAA1C19099A00E5F6A0 /* module.map */ = {isa = PBXFileReference; lastKnownFileType = "sourcecode.module-map"; path = module.map; sourceTree = SOURCE_ROOT; };
		6EF32EAC1C1909CF00E5F6A0 /* SwiftFoundation.framework */ = {isa = PBXFileReference; lastKnownFileType = wrapper.framework; name = SwiftFoundation.framework; path = ../Carthage/Build/Mac/SwiftFoundation.framework; sourceTree = "<group>"; };
		6EF32EB11C19171C00E5F6A0 /* DatabaseConfiguration.swift */ = {isa = PBXFileReference; fileEncoding = 4; lastKnownFileType = sourcecode.swift; path = DatabaseConfiguration.swift; sourceTree = "<group>"; };
/* End PBXFileReference section */

/* Begin PBXFrameworksBuildPhase section */
		1A3806F71BCA2006003F8492 /* Frameworks */ = {
			isa = PBXFrameworksBuildPhase;
			buildActionMask = 2147483647;
			files = (
				1A38071A1BCA208C003F8492 /* libmysqlclient.dylib in Frameworks */,
			);
			runOnlyForDeploymentPostprocessing = 0;
		};
		1A3807021BCA2006003F8492 /* Frameworks */ = {
			isa = PBXFrameworksBuildPhase;
			buildActionMask = 2147483647;
			files = (
				6EF32EB41C191BF400E5F6A0 /* libmysqlclient.dylib in Frameworks */,
				1A3807061BCA2006003F8492 /* MySQL.framework in Frameworks */,
			);
			runOnlyForDeploymentPostprocessing = 0;
		};
/* End PBXFrameworksBuildPhase section */

/* Begin PBXGroup section */
		1A3806F11BCA2006003F8492 = {
			isa = PBXGroup;
			children = (
				6EF32EAB1C1909B600E5F6A0 /* Dependencies */,
				6EF32E901C19088D00E5F6A0 /* Sources */,
				1A3806FD1BCA2006003F8492 /* MySQLSwift */,
				1A3807091BCA2006003F8492 /* MySQLSwiftTests */,
				1A3806FC1BCA2006003F8492 /* Products */,
			);
			sourceTree = "<group>";
		};
		1A3806FC1BCA2006003F8492 /* Products */ = {
			isa = PBXGroup;
			children = (
				1A3806FB1BCA2006003F8492 /* MySQL.framework */,
				1A3807051BCA2006003F8492 /* MySQLTests.xctest */,
			);
			name = Products;
			sourceTree = "<group>";
		};
		1A3806FD1BCA2006003F8492 /* MySQLSwift */ = {
			isa = PBXGroup;
			children = (
				1A3807201BCA24F7003F8492 /* mysql */,
				1A3806FE1BCA2006003F8492 /* MySQLSwift.h */,
				6EF32EAA1C19099A00E5F6A0 /* module.map */,
				1A3807001BCA2006003F8492 /* Info.plist */,
			);
			path = MySQLSwift;
			sourceTree = "<group>";
		};
		1A3807091BCA2006003F8492 /* MySQLSwiftTests */ = {
			isa = PBXGroup;
			children = (
				1A38070C1BCA2006003F8492 /* Info.plist */,
			);
			path = MySQLSwiftTests;
			sourceTree = "<group>";
		};
		1A3807201BCA24F7003F8492 /* mysql */ = {
			isa = PBXGroup;
			children = (
				1A3807211BCA24F7003F8492 /* big_endian.h */,
				1A3807221BCA24F7003F8492 /* byte_order_generic.h */,
				1A3807231BCA24F7003F8492 /* byte_order_generic_x86.h */,
				1A3807241BCA24F7003F8492 /* byte_order_generic_x86_64.h */,
				1A3807251BCA24F7003F8492 /* decimal.h */,
				1A3807261BCA24F7003F8492 /* errmsg.h */,
				1A3807271BCA24F7003F8492 /* keycache.h */,
				1A3807281BCA24F7003F8492 /* little_endian.h */,
				1A3807291BCA24F7003F8492 /* m_ctype.h */,
				1A38072A1BCA24F7003F8492 /* m_string.h */,
				1A38072B1BCA24F7003F8492 /* my_alloc.h */,
				1A38072C1BCA24F7003F8492 /* my_attribute.h */,
				1A38072D1BCA24F7003F8492 /* my_byteorder.h */,
				1A38072E1BCA24F7003F8492 /* my_compiler.h */,
				1A38072F1BCA24F7003F8492 /* my_config.h */,
				1A3807301BCA24F7003F8492 /* my_dbug.h */,
				1A3807311BCA24F7003F8492 /* my_dir.h */,
				1A3807321BCA24F7003F8492 /* my_getopt.h */,
				1A3807331BCA24F7003F8492 /* my_global.h */,
				1A3807341BCA24F7003F8492 /* my_list.h */,
				1A3807351BCA24F7003F8492 /* my_net.h */,
				1A3807361BCA24F7003F8492 /* my_pthread.h */,
				1A3807371BCA24F7003F8492 /* my_sys.h */,
				1A3807381BCA24F7003F8492 /* my_xml.h */,
				1A3807391BCA24F7003F8492 /* mysql */,
				1A3807591BCA24F7003F8492 /* mysql.h */,
				1A38075A1BCA24F7003F8492 /* mysql_com.h */,
				1A38075B1BCA24F7003F8492 /* mysql_com_server.h */,
				1A38075C1BCA24F7003F8492 /* mysql_embed.h */,
				1A38075D1BCA24F7003F8492 /* mysql_time.h */,
				1A38075E1BCA24F7003F8492 /* mysql_version.h */,
				1A38075F1BCA24F7003F8492 /* mysqld_ername.h */,
				1A3807601BCA24F7003F8492 /* mysqld_error.h */,
				1A3807611BCA24F7003F8492 /* plugin.h */,
				1A3807621BCA24F7003F8492 /* plugin_audit.h */,
				1A3807631BCA24F7003F8492 /* plugin_ftparser.h */,
				1A3807641BCA24F7003F8492 /* plugin_validate_password.h */,
				1A3807651BCA24F7003F8492 /* sql_common.h */,
				1A3807661BCA24F7003F8492 /* sql_state.h */,
				1A3807671BCA24F7003F8492 /* sslopt-case.h */,
				1A3807681BCA24F7003F8492 /* sslopt-longopts.h */,
				1A3807691BCA24F7003F8492 /* sslopt-vars.h */,
				1A38076A1BCA24F7003F8492 /* typelib.h */,
			);
			name = mysql;
			path = ../../../../../../usr/local/Cellar/mysql/5.6.27/include/mysql;
			sourceTree = "<group>";
		};
		1A3807391BCA24F7003F8492 /* mysql */ = {
			isa = PBXGroup;
			children = (
				1A38073A1BCA24F7003F8492 /* client_authentication.h */,
				1A38073B1BCA24F7003F8492 /* client_plugin.h */,
				1A38073C1BCA24F7003F8492 /* client_plugin.h.pp */,
				1A38073D1BCA24F7003F8492 /* get_password.h */,
				1A38073E1BCA24F7003F8492 /* innodb_priv.h */,
				1A38073F1BCA24F7003F8492 /* plugin.h */,
				1A3807401BCA24F7003F8492 /* plugin_audit.h */,
				1A3807411BCA24F7003F8492 /* plugin_audit.h.pp */,
				1A3807421BCA24F7003F8492 /* plugin_auth.h */,
				1A3807431BCA24F7003F8492 /* plugin_auth.h.pp */,
				1A3807441BCA24F7003F8492 /* plugin_auth_common.h */,
				1A3807451BCA24F7003F8492 /* plugin_ftparser.h */,
				1A3807461BCA24F7003F8492 /* plugin_ftparser.h.pp */,
				1A3807471BCA24F7003F8492 /* plugin_validate_password.h */,
				1A3807481BCA24F7003F8492 /* psi */,
				1A3807511BCA24F7003F8492 /* service_my_plugin_log.h */,
				1A3807521BCA24F7003F8492 /* service_my_snprintf.h */,
				1A3807531BCA24F7003F8492 /* service_mysql_string.h */,
				1A3807541BCA24F7003F8492 /* service_thd_alloc.h */,
				1A3807551BCA24F7003F8492 /* service_thd_wait.h */,
				1A3807561BCA24F7003F8492 /* service_thread_scheduler.h */,
				1A3807571BCA24F7003F8492 /* services.h */,
				1A3807581BCA24F7003F8492 /* thread_pool_priv.h */,
			);
			path = mysql;
			sourceTree = "<group>";
		};
		1A3807481BCA24F7003F8492 /* psi */ = {
			isa = PBXGroup;
			children = (
				1A3807491BCA24F7003F8492 /* mysql_file.h */,
				1A38074A1BCA24F7003F8492 /* mysql_idle.h */,
				1A38074B1BCA24F7003F8492 /* mysql_socket.h */,
				1A38074C1BCA24F7003F8492 /* mysql_stage.h */,
				1A38074D1BCA24F7003F8492 /* mysql_statement.h */,
				1A38074E1BCA24F7003F8492 /* mysql_table.h */,
				1A38074F1BCA24F7003F8492 /* mysql_thread.h */,
				1A3807501BCA24F7003F8492 /* psi.h */,
			);
			path = psi;
			sourceTree = "<group>";
		};
		6EF32E901C19088D00E5F6A0 /* Sources */ = {
			isa = PBXGroup;
			children = (
				6EF32E911C19088D00E5F6A0 /* MySQL */,
				6EF32E9C1C19088D00E5F6A0 /* UnitTests */,
			);
			name = Sources;
			path = ../Sources;
			sourceTree = "<group>";
		};
		6EF32E911C19088D00E5F6A0 /* MySQL */ = {
			isa = PBXGroup;
			children = (
				6EF32E931C19088D00E5F6A0 /* ClientOption.swift */,
				6EF32E941C19088D00E5F6A0 /* Connection.swift */,
				6EF32E951C19088D00E5F6A0 /* ConvertString.swift */,
				6EF32E961C19088D00E5F6A0 /* DataType.swift */,
				6EF32E971C19088D00E5F6A0 /* Error.swift */,
				6EF32E981C19088D00E5F6A0 /* Field.swift */,
				6EF32E991C19088D00E5F6A0 /* MySQL.swift */,
				6EF32E9A1C19088D00E5F6A0 /* Result.swift */,
				6EF32E9B1C19088D00E5F6A0 /* Row.swift */,
			);
			path = MySQL;
			sourceTree = "<group>";
		};
		6EF32E9C1C19088D00E5F6A0 /* UnitTests */ = {
			isa = PBXGroup;
			children = (
				6EF32EB11C19171C00E5F6A0 /* DatabaseConfiguration.swift */,
				6EF32E9D1C19088D00E5F6A0 /* MySQLSwiftTests.swift */,
			);
			path = UnitTests;
			sourceTree = "<group>";
		};
		6EF32EAB1C1909B600E5F6A0 /* Dependencies */ = {
			isa = PBXGroup;
			children = (
				6EF32EAC1C1909CF00E5F6A0 /* SwiftFoundation.framework */,
				1A3807191BCA208C003F8492 /* libmysqlclient.dylib */,
			);
			name = Dependencies;
			sourceTree = "<group>";
		};
/* End PBXGroup section */

/* Begin PBXHeadersBuildPhase section */
		1A3806F81BCA2006003F8492 /* Headers */ = {
			isa = PBXHeadersBuildPhase;
			buildActionMask = 2147483647;
			files = (
				1A3806FF1BCA2006003F8492 /* MySQLSwift.h in Headers */,
			);
			runOnlyForDeploymentPostprocessing = 0;
		};
/* End PBXHeadersBuildPhase section */

/* Begin PBXNativeTarget section */
		1A3806FA1BCA2006003F8492 /* MySQL */ = {
			isa = PBXNativeTarget;
			buildConfigurationList = 1A38070F1BCA2006003F8492 /* Build configuration list for PBXNativeTarget "MySQL" */;
			buildPhases = (
				1A3806F61BCA2006003F8492 /* Sources */,
				1A3806F71BCA2006003F8492 /* Frameworks */,
				1A3806F81BCA2006003F8492 /* Headers */,
				1A3806F91BCA2006003F8492 /* Resources */,
			);
			buildRules = (
			);
			dependencies = (
			);
			name = MySQL;
			productName = MySQLSwift;
			productReference = 1A3806FB1BCA2006003F8492 /* MySQL.framework */;
			productType = "com.apple.product-type.framework";
		};
		1A3807041BCA2006003F8492 /* MySQLTests */ = {
			isa = PBXNativeTarget;
			buildConfigurationList = 1A3807121BCA2006003F8492 /* Build configuration list for PBXNativeTarget "MySQLTests" */;
			buildPhases = (
				1A3807011BCA2006003F8492 /* Sources */,
				1A3807021BCA2006003F8492 /* Frameworks */,
				1A3807031BCA2006003F8492 /* Resources */,
				6EF32EAD1C1909E000E5F6A0 /* Copy Frameworks */,
			);
			buildRules = (
			);
			dependencies = (
				1A3807081BCA2006003F8492 /* PBXTargetDependency */,
			);
			name = MySQLTests;
			productName = MySQLSwiftTests;
			productReference = 1A3807051BCA2006003F8492 /* MySQLTests.xctest */;
			productType = "com.apple.product-type.bundle.unit-test";
		};
/* End PBXNativeTarget section */

/* Begin PBXProject section */
		1A3806F21BCA2006003F8492 /* Project object */ = {
			isa = PBXProject;
			attributes = {
				LastSwiftUpdateCheck = 0700;
				LastUpgradeCheck = 0700;
				ORGANIZATIONNAME = ColemanCDA;
				TargetAttributes = {
					1A3806FA1BCA2006003F8492 = {
						CreatedOnToolsVersion = 7.0.1;
					};
					1A3807041BCA2006003F8492 = {
						CreatedOnToolsVersion = 7.0.1;
					};
				};
			};
			buildConfigurationList = 1A3806F51BCA2006003F8492 /* Build configuration list for PBXProject "MySQL" */;
			compatibilityVersion = "Xcode 3.2";
			developmentRegion = English;
			hasScannedForEncodings = 0;
			knownRegions = (
				en,
			);
			mainGroup = 1A3806F11BCA2006003F8492;
			productRefGroup = 1A3806FC1BCA2006003F8492 /* Products */;
			projectDirPath = "";
			projectRoot = "";
			targets = (
				1A3806FA1BCA2006003F8492 /* MySQL */,
				1A3807041BCA2006003F8492 /* MySQLTests */,
			);
		};
/* End PBXProject section */

/* Begin PBXResourcesBuildPhase section */
		1A3806F91BCA2006003F8492 /* Resources */ = {
			isa = PBXResourcesBuildPhase;
			buildActionMask = 2147483647;
			files = (
			);
			runOnlyForDeploymentPostprocessing = 0;
		};
		1A3807031BCA2006003F8492 /* Resources */ = {
			isa = PBXResourcesBuildPhase;
			buildActionMask = 2147483647;
			files = (
			);
			runOnlyForDeploymentPostprocessing = 0;
		};
/* End PBXResourcesBuildPhase section */

/* Begin PBXSourcesBuildPhase section */
		1A3806F61BCA2006003F8492 /* Sources */ = {
			isa = PBXSourcesBuildPhase;
			buildActionMask = 2147483647;
			files = (
				6EF32EA61C19088D00E5F6A0 /* Result.swift in Sources */,
				6EF32EA21C19088D00E5F6A0 /* DataType.swift in Sources */,
				6EF32EA01C19088D00E5F6A0 /* Connection.swift in Sources */,
				6EF32EA11C19088D00E5F6A0 /* ConvertString.swift in Sources */,
				6EF32EA51C19088D00E5F6A0 /* MySQL.swift in Sources */,
				6EF32EA31C19088D00E5F6A0 /* Error.swift in Sources */,
				6EF32EA41C19088D00E5F6A0 /* Field.swift in Sources */,
				6EF32EA71C19088D00E5F6A0 /* Row.swift in Sources */,
				6EF32E9F1C19088D00E5F6A0 /* ClientOption.swift in Sources */,
			);
			runOnlyForDeploymentPostprocessing = 0;
		};
		1A3807011BCA2006003F8492 /* Sources */ = {
			isa = PBXSourcesBuildPhase;
			buildActionMask = 2147483647;
			files = (
				6EF32EA91C19089300E5F6A0 /* MySQLSwiftTests.swift in Sources */,
				6EF32EB21C19171C00E5F6A0 /* DatabaseConfiguration.swift in Sources */,
			);
			runOnlyForDeploymentPostprocessing = 0;
		};
/* End PBXSourcesBuildPhase section */

/* Begin PBXTargetDependency section */
		1A3807081BCA2006003F8492 /* PBXTargetDependency */ = {
			isa = PBXTargetDependency;
			target = 1A3806FA1BCA2006003F8492 /* MySQL */;
			targetProxy = 1A3807071BCA2006003F8492 /* PBXContainerItemProxy */;
		};
/* End PBXTargetDependency section */

/* Begin XCBuildConfiguration section */
		1A38070D1BCA2006003F8492 /* Debug */ = {
			isa = XCBuildConfiguration;
			buildSettings = {
				ALWAYS_SEARCH_USER_PATHS = NO;
				CLANG_CXX_LANGUAGE_STANDARD = "gnu++0x";
				CLANG_CXX_LIBRARY = "libc++";
				CLANG_ENABLE_MODULES = YES;
				CLANG_ENABLE_OBJC_ARC = YES;
				CLANG_WARN_BOOL_CONVERSION = YES;
				CLANG_WARN_CONSTANT_CONVERSION = YES;
				CLANG_WARN_DIRECT_OBJC_ISA_USAGE = YES_ERROR;
				CLANG_WARN_EMPTY_BODY = YES;
				CLANG_WARN_ENUM_CONVERSION = YES;
				CLANG_WARN_INT_CONVERSION = YES;
				CLANG_WARN_OBJC_ROOT_CLASS = YES_ERROR;
				CLANG_WARN_UNREACHABLE_CODE = YES;
				CLANG_WARN__DUPLICATE_METHOD_MATCH = YES;
				COPY_PHASE_STRIP = NO;
				CURRENT_PROJECT_VERSION = 1;
				DEBUG_INFORMATION_FORMAT = dwarf;
				ENABLE_STRICT_OBJC_MSGSEND = YES;
				ENABLE_TESTABILITY = YES;
				FRAMEWORK_SEARCH_PATHS = $SRCROOT/../Carthage/Build/Mac;
				GCC_C_LANGUAGE_STANDARD = gnu99;
				GCC_DYNAMIC_NO_PIC = NO;
				GCC_NO_COMMON_BLOCKS = YES;
				GCC_OPTIMIZATION_LEVEL = 0;
				GCC_PREPROCESSOR_DEFINITIONS = (
					"DEBUG=1",
					"$(inherited)",
				);
				GCC_WARN_64_TO_32_BIT_CONVERSION = YES;
				GCC_WARN_ABOUT_RETURN_TYPE = YES_ERROR;
				GCC_WARN_UNDECLARED_SELECTOR = YES;
				GCC_WARN_UNINITIALIZED_AUTOS = YES_AGGRESSIVE;
				GCC_WARN_UNUSED_FUNCTION = YES;
				GCC_WARN_UNUSED_VARIABLE = YES;
				HEADER_SEARCH_PATHS = "$(SRCROOT)/$(PROJECT_NAME)";
				LIBRARY_SEARCH_PATHS = /usr/local/lib;
				MTL_ENABLE_DEBUG_INFO = YES;
				ONLY_ACTIVE_ARCH = YES;
				SDKROOT = macosx;
				SWIFT_OPTIMIZATION_LEVEL = "-Onone";
				VERSIONING_SYSTEM = "apple-generic";
				VERSION_INFO_PREFIX = "";
			};
			name = Debug;
		};
		1A38070E1BCA2006003F8492 /* Release */ = {
			isa = XCBuildConfiguration;
			buildSettings = {
				ALWAYS_SEARCH_USER_PATHS = NO;
				CLANG_CXX_LANGUAGE_STANDARD = "gnu++0x";
				CLANG_CXX_LIBRARY = "libc++";
				CLANG_ENABLE_MODULES = YES;
				CLANG_ENABLE_OBJC_ARC = YES;
				CLANG_WARN_BOOL_CONVERSION = YES;
				CLANG_WARN_CONSTANT_CONVERSION = YES;
				CLANG_WARN_DIRECT_OBJC_ISA_USAGE = YES_ERROR;
				CLANG_WARN_EMPTY_BODY = YES;
				CLANG_WARN_ENUM_CONVERSION = YES;
				CLANG_WARN_INT_CONVERSION = YES;
				CLANG_WARN_OBJC_ROOT_CLASS = YES_ERROR;
				CLANG_WARN_UNREACHABLE_CODE = YES;
				CLANG_WARN__DUPLICATE_METHOD_MATCH = YES;
				COPY_PHASE_STRIP = NO;
				CURRENT_PROJECT_VERSION = 1;
				DEBUG_INFORMATION_FORMAT = "dwarf-with-dsym";
				ENABLE_NS_ASSERTIONS = NO;
				ENABLE_STRICT_OBJC_MSGSEND = YES;
				FRAMEWORK_SEARCH_PATHS = $SRCROOT/../Carthage/Build/Mac;
				GCC_C_LANGUAGE_STANDARD = gnu99;
				GCC_NO_COMMON_BLOCKS = YES;
				GCC_WARN_64_TO_32_BIT_CONVERSION = YES;
				GCC_WARN_ABOUT_RETURN_TYPE = YES_ERROR;
				GCC_WARN_UNDECLARED_SELECTOR = YES;
				GCC_WARN_UNINITIALIZED_AUTOS = YES_AGGRESSIVE;
				GCC_WARN_UNUSED_FUNCTION = YES;
				GCC_WARN_UNUSED_VARIABLE = YES;
				HEADER_SEARCH_PATHS = "$(SRCROOT)/$(PROJECT_NAME)";
				LIBRARY_SEARCH_PATHS = /usr/local/lib;
				MTL_ENABLE_DEBUG_INFO = NO;
				SDKROOT = macosx;
				SWIFT_OPTIMIZATION_LEVEL = "-Owholemodule";
				VERSIONING_SYSTEM = "apple-generic";
				VERSION_INFO_PREFIX = "";
			};
			name = Release;
		};
		1A3807101BCA2006003F8492 /* Debug */ = {
			isa = XCBuildConfiguration;
			buildSettings = {
				CLANG_ENABLE_MODULES = YES;
				COMBINE_HIDPI_IMAGES = YES;
				DEFINES_MODULE = YES;
				DYLIB_COMPATIBILITY_VERSION = 1;
				DYLIB_CURRENT_VERSION = 1;
				DYLIB_INSTALL_NAME_BASE = "@rpath";
				FRAMEWORK_VERSION = A;
				INFOPLIST_FILE = MySQLSwift/Info.plist;
				INSTALL_PATH = "$(LOCAL_LIBRARY_DIR)/Frameworks";
				LD_RUNPATH_SEARCH_PATHS = "$(inherited) @executable_path/../Frameworks @loader_path/Frameworks";
				PRODUCT_BUNDLE_IDENTIFIER = com.colemancda.MySQLSwift;
				PRODUCT_NAME = MySQL;
				SKIP_INSTALL = YES;
				SWIFT_INCLUDE_PATHS = $SRCROOT;
				SWIFT_OPTIMIZATION_LEVEL = "-Onone";
			};
			name = Debug;
		};
		1A3807111BCA2006003F8492 /* Release */ = {
			isa = XCBuildConfiguration;
			buildSettings = {
				CLANG_ENABLE_MODULES = YES;
				COMBINE_HIDPI_IMAGES = YES;
				DEFINES_MODULE = YES;
				DYLIB_COMPATIBILITY_VERSION = 1;
				DYLIB_CURRENT_VERSION = 1;
				DYLIB_INSTALL_NAME_BASE = "@rpath";
				FRAMEWORK_VERSION = A;
				INFOPLIST_FILE = MySQLSwift/Info.plist;
				INSTALL_PATH = "$(LOCAL_LIBRARY_DIR)/Frameworks";
				LD_RUNPATH_SEARCH_PATHS = "$(inherited) @executable_path/../Frameworks @loader_path/Frameworks";
				PRODUCT_BUNDLE_IDENTIFIER = com.colemancda.MySQLSwift;
				PRODUCT_NAME = MySQL;
				SKIP_INSTALL = YES;
				SWIFT_INCLUDE_PATHS = $SRCROOT;
			};
			name = Release;
		};
		1A3807131BCA2006003F8492 /* Debug */ = {
			isa = XCBuildConfiguration;
			buildSettings = {
				COMBINE_HIDPI_IMAGES = YES;
				INFOPLIST_FILE = MySQLSwiftTests/Info.plist;
				LD_RUNPATH_SEARCH_PATHS = "$(inherited) @executable_path/../Frameworks @loader_path/../Frameworks";
				PRODUCT_BUNDLE_IDENTIFIER = com.colemancda.MySQLSwiftTests;
				PRODUCT_NAME = MySQLTests;
			};
			name = Debug;
		};
		1A3807141BCA2006003F8492 /* Release */ = {
			isa = XCBuildConfiguration;
			buildSettings = {
				COMBINE_HIDPI_IMAGES = YES;
				INFOPLIST_FILE = MySQLSwiftTests/Info.plist;
				LD_RUNPATH_SEARCH_PATHS = "$(inherited) @executable_path/../Frameworks @loader_path/../Frameworks";
				PRODUCT_BUNDLE_IDENTIFIER = com.colemancda.MySQLSwiftTests;
				PRODUCT_NAME = MySQLTests;
			};
			name = Release;
		};
/* End XCBuildConfiguration section */

/* Begin XCConfigurationList section */
		1A3806F51BCA2006003F8492 /* Build configuration list for PBXProject "MySQL" */ = {
			isa = XCConfigurationList;
			buildConfigurations = (
				1A38070D1BCA2006003F8492 /* Debug */,
				1A38070E1BCA2006003F8492 /* Release */,
			);
			defaultConfigurationIsVisible = 0;
			defaultConfigurationName = Release;
		};
		1A38070F1BCA2006003F8492 /* Build configuration list for PBXNativeTarget "MySQL" */ = {
			isa = XCConfigurationList;
			buildConfigurations = (
				1A3807101BCA2006003F8492 /* Debug */,
				1A3807111BCA2006003F8492 /* Release */,
			);
			defaultConfigurationIsVisible = 0;
			defaultConfigurationName = Release;
		};
		1A3807121BCA2006003F8492 /* Build configuration list for PBXNativeTarget "MySQLTests" */ = {
			isa = XCConfigurationList;
			buildConfigurations = (
				1A3807131BCA2006003F8492 /* Debug */,
				1A3807141BCA2006003F8492 /* Release */,
			);
			defaultConfigurationIsVisible = 0;
			defaultConfigurationName = Release;
		};
/* End XCConfigurationList section */
	};
	rootObject = 1A3806F21BCA2006003F8492 /* Project object */;
}
